
Microsoft Visual Studio Solution File, Format Version 12.00
# Visual Studio Version 16
VisualStudioVersion = 16.0.31205.134
MinimumVisualStudioVersion = 10.0.40219.1
Project("{FAE04EC0-301F-11D3-BF4B-00C04F79EFBC}") = "Task 2", "Task 2.csproj", "{11DD6F56-9668-4C8C-8AA2-36FD0BD93EE2}"
EndProject
Global
	GlobalSection(SolutionConfigurationPlatforms) = preSolution
		Debug|Any CPU = Debug|Any CPU
		Release|Any CPU = Release|Any CPU
	EndGlobalSection
	GlobalSection(ProjectConfigurationPlatforms) = postSolution
		{11DD6F56-9668-4C8C-8AA2-36FD0BD93EE2}.Debug|Any CPU.ActiveCfg = Debug|Any CPU
		{11DD6F56-9668-4C8C-8AA2-36FD0BD93EE2}.Debug|Any CPU.Build.0 = Debug|Any CPU
		{11DD6F56-9668-4C8C-8AA2-36FD0BD93EE2}.Release|Any CPU.ActiveCfg = Release|Any CPU
		{11DD6F56-9668-4C8C-8AA2-36FD0BD93EE2}.Release|Any CPU.Build.0 = Release|Any CPU
	EndGlobalSection
	GlobalSection(SolutionProperties) = preSolution
		HideSolutionNode = FALSE
	EndGlobalSection
	GlobalSection(ExtensibilityGlobals) = postSolution
		SolutionGuid = {2A27FBEE-0E7C-4BD1-BD77-FC277432CF9B}
	EndGlobalSection
EndGlobal
